
Microsoft Visual Studio Solution File, Format Version 12.00
# Visual Studio Version 17
VisualStudioVersion = 17.3.32804.467
MinimumVisualStudioVersion = 10.0.40219.1
Project("{FAE04EC0-301F-11D3-BF4B-00C04F79EFBC}") = "RSA", "RSA.csproj", "{6FA56E28-8DCA-46D8-BECD-AA9093108EA7}"
EndProject
Global
	GlobalSection(SolutionConfigurationPlatforms) = preSolution
		Debug|Any CPU = Debug|Any CPU
		Release|Any CPU = Release|Any CPU
	EndGlobalSection
	GlobalSection(ProjectConfigurationPlatforms) = postSolution
		{6FA56E28-8DCA-46D8-BECD-AA9093108EA7}.Debug|Any CPU.ActiveCfg = Debug|Any CPU
		{6FA56E28-8DCA-46D8-BECD-AA9093108EA7}.Debug|Any CPU.Build.0 = Debug|Any CPU
		{6FA56E28-8DCA-46D8-BECD-AA9093108EA7}.Release|Any CPU.ActiveCfg = Release|Any CPU
		{6FA56E28-8DCA-46D8-BECD-AA9093108EA7}.Release|Any CPU.Build.0 = Release|Any CPU
	EndGlobalSection
	GlobalSection(SolutionProperties) = preSolution
		HideSolutionNode = FALSE
	EndGlobalSection
	GlobalSection(ExtensibilityGlobals) = postSolution
		SolutionGuid = {89D52C89-FE47-4380-A828-739E3B0DC077}
	EndGlobalSection
EndGlobal
