
Microsoft Visual Studio Solution File, Format Version 12.00
# Visual Studio Version 17
VisualStudioVersion = 17.3.32804.467
MinimumVisualStudioVersion = 10.0.40219.1
Project("{9A19103F-16F7-4668-BE54-9A1E7A4F7556}") = "SHA256Encryption", "SHA256Encryption.csproj", "{18ED4EE2-05CE-45AB-A110-AD4F10ECC33E}"
EndProject
Project("{9A19103F-16F7-4668-BE54-9A1E7A4F7556}") = "RSA", "..\..\Lab3\RSA\RSA.csproj", "{06471EEA-3D14-410E-975B-0610F56CBEEF}"
EndProject
Global
	GlobalSection(SolutionConfigurationPlatforms) = preSolution
		Debug|Any CPU = Debug|Any CPU
		Release|Any CPU = Release|Any CPU
	EndGlobalSection
	GlobalSection(ProjectConfigurationPlatforms) = postSolution
		{18ED4EE2-05CE-45AB-A110-AD4F10ECC33E}.Debug|Any CPU.ActiveCfg = Debug|Any CPU
		{18ED4EE2-05CE-45AB-A110-AD4F10ECC33E}.Debug|Any CPU.Build.0 = Debug|Any CPU
		{18ED4EE2-05CE-45AB-A110-AD4F10ECC33E}.Release|Any CPU.ActiveCfg = Release|Any CPU
		{18ED4EE2-05CE-45AB-A110-AD4F10ECC33E}.Release|Any CPU.Build.0 = Release|Any CPU
		{06471EEA-3D14-410E-975B-0610F56CBEEF}.Debug|Any CPU.ActiveCfg = Debug|Any CPU
		{06471EEA-3D14-410E-975B-0610F56CBEEF}.Debug|Any CPU.Build.0 = Debug|Any CPU
		{06471EEA-3D14-410E-975B-0610F56CBEEF}.Release|Any CPU.ActiveCfg = Release|Any CPU
		{06471EEA-3D14-410E-975B-0610F56CBEEF}.Release|Any CPU.Build.0 = Release|Any CPU
	EndGlobalSection
	GlobalSection(SolutionProperties) = preSolution
		HideSolutionNode = FALSE
	EndGlobalSection
	GlobalSection(ExtensibilityGlobals) = postSolution
		SolutionGuid = {1F1D4FF9-B40A-4DED-A18C-422529BE3C7E}
	EndGlobalSection
EndGlobal
