
Microsoft Visual Studio Solution File, Format Version 12.00
# Visual Studio Version 17
VisualStudioVersion = 17.4.33103.184
MinimumVisualStudioVersion = 10.0.40219.1
Project("{FAE04EC0-301F-11D3-BF4B-00C04F79EFBC}") = "AuthenticationAuthorization", "AuthenticationAuthorization.csproj", "{F685B933-03CE-4F37-BB19-15107A0C11D9}"
EndProject
Global
	GlobalSection(SolutionConfigurationPlatforms) = preSolution
		Debug|Any CPU = Debug|Any CPU
		Release|Any CPU = Release|Any CPU
	EndGlobalSection
	GlobalSection(ProjectConfigurationPlatforms) = postSolution
		{F685B933-03CE-4F37-BB19-15107A0C11D9}.Debug|Any CPU.ActiveCfg = Debug|Any CPU
		{F685B933-03CE-4F37-BB19-15107A0C11D9}.Debug|Any CPU.Build.0 = Debug|Any CPU
		{F685B933-03CE-4F37-BB19-15107A0C11D9}.Release|Any CPU.ActiveCfg = Release|Any CPU
		{F685B933-03CE-4F37-BB19-15107A0C11D9}.Release|Any CPU.Build.0 = Release|Any CPU
	EndGlobalSection
	GlobalSection(SolutionProperties) = preSolution
		HideSolutionNode = FALSE
	EndGlobalSection
	GlobalSection(ExtensibilityGlobals) = postSolution
		SolutionGuid = {1DCBDB17-B76B-4D84-9FB4-A7188B71023D}
	EndGlobalSection
EndGlobal
